Microsoft Visual Studio Solution File, Format Version 12.00
# Visual Studio Version 17
VisualStudioVersion = 17.5.2.0
MinimumVisualStudioVersion = 10.0.40219.1
Project("{FAE04EC0-301F-11D3-BF4B-00C04F79EFBC}") = "MAPZ_lab_RPG", "MAPZ_lab_RPG.csproj", "{C858705F-B8A2-B46F-B121-FA5404F63565}"
EndProject
Global
	GlobalSection(SolutionConfigurationPlatforms) = preSolution
		Debug|Any CPU = Debug|Any CPU
		Release|Any CPU = Release|Any CPU
	EndGlobalSection
	GlobalSection(ProjectConfigurationPlatforms) = postSolution
		{C858705F-B8A2-B46F-B121-FA5404F63565}.Debug|Any CPU.ActiveCfg = Debug|Any CPU
		{C858705F-B8A2-B46F-B121-FA5404F63565}.Debug|Any CPU.Build.0 = Debug|Any CPU
		{C858705F-B8A2-B46F-B121-FA5404F63565}.Release|Any CPU.ActiveCfg = Release|Any CPU
		{C858705F-B8A2-B46F-B121-FA5404F63565}.Release|Any CPU.Build.0 = Release|Any CPU
	EndGlobalSection
	GlobalSection(SolutionProperties) = preSolution
		HideSolutionNode = FALSE
	EndGlobalSection
	GlobalSection(ExtensibilityGlobals) = postSolution
		SolutionGuid = {31ACDEEE-E969-420A-BD0E-33E756EC5B77}
	EndGlobalSection
EndGlobal
