Microsoft Visual Studio Solution File, Format Version 12.00
# Visual Studio 2012
Project("{FAE04EC0-301F-11D3-BF4B-00C04F79EFBC}") = "MAPZ_lab_RPG", "MAPZ_lab_RPG.csproj", "{19BA0B94-74FA-4E33-B56C-4A6BA918FDAC}"
EndProject
Global
	GlobalSection(SolutionConfigurationPlatforms) = preSolution
	Debug|Any CPU = Debug|Any CPU
	ExportDebug|Any CPU = ExportDebug|Any CPU
	ExportRelease|Any CPU = ExportRelease|Any CPU
	EndGlobalSection
	GlobalSection(ProjectConfigurationPlatforms) = postSolution
		{19BA0B94-74FA-4E33-B56C-4A6BA918FDAC}.Debug|Any CPU.ActiveCfg = Debug|Any CPU
		{19BA0B94-74FA-4E33-B56C-4A6BA918FDAC}.Debug|Any CPU.Build.0 = Debug|Any CPU
		{19BA0B94-74FA-4E33-B56C-4A6BA918FDAC}.ExportDebug|Any CPU.ActiveCfg = ExportDebug|Any CPU
		{19BA0B94-74FA-4E33-B56C-4A6BA918FDAC}.ExportDebug|Any CPU.Build.0 = ExportDebug|Any CPU
		{19BA0B94-74FA-4E33-B56C-4A6BA918FDAC}.ExportRelease|Any CPU.ActiveCfg = ExportRelease|Any CPU
		{19BA0B94-74FA-4E33-B56C-4A6BA918FDAC}.ExportRelease|Any CPU.Build.0 = ExportRelease|Any CPU
	EndGlobalSection
EndGlobal
